{
  "nodes": {
    "ephor-src": {
      "flake": false,
      "locked": {
        "lastModified": 1790096671,
        "narHash": "sha256-U1SQ8lJSqhvcMZkRFFbLS5xTxDqFnBBoVg/VJtR8RH8=",
        "owner": "tabenius",
        "repo": "BAZ.AI-governance",
        "rev": "5b05af53d695f183e8a7954032a85cc8beeb113b",
        "type": "github"
      },
      "original": {
        "owner": "tabenius",
        "repo": "BAZ.AI-governance",
        "type": "github"
      }
    },
    "nixpkgs": {
      "locked": {
        "narHash": "sha256-zVxLZiSnmaaPLwnhj7pwmqe3axBg/C6nG5JZsJMh2g4=",
        "owner": "NixOS",
        "repo": "nixpkgs",
        "rev": "b1b875982b17dabde9b4a37f3e229e74913e6db3",
        "type": "github"
      },
      "original": {
        "owner": "NixOS",
        "ref": "nixos-unstable",
        "repo": "nixpkgs",
        "type": "github"
      }
    },
    "root": {
      "inputs": {
        "ephor-src": "ephor-src",
        "nixpkgs": "nixpkgs",
        "sylvae-src": "sylvae-src",
        "weftmark-src": "weftmark-src"
      }
    },
    "sylvae-src": {
      "flake": false,
      "locked": {
        "lastModified": 1790410941,
        "narHash": "sha256-Uw5OPmGFBt8GIW6XRfsE5p+zxqx3lwzgZEIHPN7AzqA=",
        "owner": "tabenius",
        "repo": "sylvae",
        "rev": "a71820eaed58a683a5255feac7fb727ea16cab9b",
        "type": "github"
      },
      "original": {
        "owner": "tabenius",
        "ref": "master",
        "repo": "sylvae",
        "type": "github"
      }
    },
    "weftmark-src": {
      "flake": false,
      "locked": {
        "lastModified": 1790410946,
        "narHash": "sha256-UhdkfoSPKCSzQ8RVRM+G/iaADNhFCCeo33s06RoGvs4=",
        "owner": "tabenius",
        "repo": "WeftMark",
        "rev": "a9489c2f4dbfd8cf9fe71647895cf62e329782dc",
        "type": "github"
      },
      "original": {
        "owner": "tabenius",
        "repo": "WeftMark",
        "type": "github"
      }
    }
  },
  "root": "root",
  "version": 7
}
