{
  "nodes": {
    "ephor-src": {
      "flake": false,
      "locked": {
        "lastModified": 1,
        "narHash": "sha256-/TULOF6l23FKDLFo0EUdRFesf8FeYKrLk3HMYvNloXU=",
        "path": "./nix/ephor-absent",
        "type": "path"
      },
      "original": {
        "path": "./nix/ephor-absent",
        "type": "path"
      }
    },
    "nixpkgs": {
      "locked": {
        "narHash": "sha256-zVxLZiSnmaaPLwnhj7pwmqe3axBg/C6nG5JZsJMh2g4=",
        "owner": "NixOS",
        "repo": "nixpkgs",
        "rev": "b1b875982b17dabde9b4a37f3e229e74913e6db3",
        "type": "github"
      },
      "original": {
        "owner": "NixOS",
        "ref": "nixos-unstable",
        "repo": "nixpkgs",
        "type": "github"
      }
    },
    "nostoi-src": {
      "flake": false,
      "locked": {
        "lastModified": 1790983979,
        "narHash": "sha256-jAtgTs/SlfUMowF4VTst8QqPiO0VibSK7sPmIRMmjqI=",
        "owner": "tabenius",
        "repo": "nostoi",
        "rev": "4e3827a1434cc2bb91f8ef512507f7bc8dfcdbbf",
        "type": "github"
      },
      "original": {
        "owner": "tabenius",
        "repo": "nostoi",
        "rev": "4e3827a1434cc2bb91f8ef512507f7bc8dfcdbbf",
        "type": "github"
      }
    },
    "root": {
      "inputs": {
        "ephor-src": "ephor-src",
        "nixpkgs": "nixpkgs",
        "nostoi-src": "nostoi-src",
        "sylvae-src": "sylvae-src",
        "weftmark-src": "weftmark-src"
      }
    },
    "sylvae-src": {
      "flake": false,
      "locked": {
        "lastModified": 1790984469,
        "narHash": "sha256-y0LjAFL0ziXDIqOgGcqypYW4tV4GKEFX2Om4t7D3PI4=",
        "owner": "tabenius",
        "repo": "sylvae",
        "rev": "8b0f950ee2d4ee6f9f24fc58393243c5d4a1b27d",
        "type": "github"
      },
      "original": {
        "owner": "tabenius",
        "repo": "sylvae",
        "rev": "8b0f950ee2d4ee6f9f24fc58393243c5d4a1b27d",
        "type": "github"
      }
    },
    "weftmark-src": {
      "flake": false,
      "locked": {
        "lastModified": 1790984549,
        "narHash": "sha256-+nT5iCoLJvKD4NkputzIrWnmmao60n+FpXXZ5TQ5EZ4=",
        "owner": "tabenius",
        "repo": "WeftMark",
        "rev": "8d4e270f3aa18877ba177a19fa5da0fea8266acf",
        "type": "github"
      },
      "original": {
        "owner": "tabenius",
        "repo": "WeftMark",
        "rev": "8d4e270f3aa18877ba177a19fa5da0fea8266acf",
        "type": "github"
      }
    }
  },
  "root": "root",
  "version": 7
}
